
Microsoft Visual Studio Solution File, Format Version 12.00
# Visual Studio Version 16
VisualStudioVersion = 16.0.30128.74
MinimumVisualStudioVersion = 10.0.40219.1
Project("{9A19103F-16F7-4668-BE54-9A1E7A4F7556}") = "ComplaintFormCore", "ComplaintFormCore\ComplaintFormCore.csproj", "{1FFA0BC1-D8F7-45DE-8577-11989C6B202A}"
EndProject
Global
	GlobalSection(SolutionConfigurationPlatforms) = preSolution
		Debug|Any CPU = Debug|Any CPU
		Release|Any CPU = Release|Any CPU
	EndGlobalSection
	GlobalSection(ProjectConfigurationPlatforms) = postSolution
		{1FFA0BC1-D8F7-45DE-8577-11989C6B202A}.Debug|Any CPU.ActiveCfg = Debug|Any CPU
		{1FFA0BC1-D8F7-45DE-8577-11989C6B202A}.Debug|Any CPU.Build.0 = Debug|Any CPU
		{1FFA0BC1-D8F7-45DE-8577-11989C6B202A}.Release|Any CPU.ActiveCfg = Release|Any CPU
		{1FFA0BC1-D8F7-45DE-8577-11989C6B202A}.Release|Any CPU.Build.0 = Release|Any CPU
	EndGlobalSection
	GlobalSection(SolutionProperties) = preSolution
		HideSolutionNode = FALSE
	EndGlobalSection
	GlobalSection(ExtensibilityGlobals) = postSolution
		SolutionGuid = {E67F083C-D147-4E29-AB18-FE2FCC8A9BF2}
	EndGlobalSection
	GlobalSection(TeamFoundationVersionControl) = preSolution
		SccNumberOfProjects = 2
		SccEnterpriseProvider = {4CA58AB2-18FA-4F8D-95D4-32DDF27D184C}
		SccTeamFoundationServer = https://dev.azure.com/jefbrouillette
		SccLocalPath0 = .
		SccProjectUniqueName1 = ComplaintFormCore\\ComplaintFormCore.csproj
		SccProjectName1 = ComplaintFormCore
		SccLocalPath1 = ComplaintFormCore
	EndGlobalSection
EndGlobal
