{
  "requires": true,
  "lockfileVersion": 1,
  "dependencies": {
    "survey-vue": {
      "version": "1.7.12",
      "resolved": "https://registry.npmjs.org/survey-vue/-/survey-vue-1.7.12.tgz",
      "integrity": "sha512-5ILo9O8RVHr8zflYHEboDDVm5xKuExONu1YEGpGo2RbaX9UdOzfUjjmu/pA5XvwDa3fFly0dfrMYX7JyfZO05A==",
      "requires": {
        "vue": "^2.1.10"
      }
    },
    "vue": {
      "version": "2.6.11",
      "resolved": "https://registry.npmjs.org/vue/-/vue-2.6.11.tgz",
      "integrity": "sha512-VfPwgcGABbGAue9+sfrD4PuwFar7gPb1yl1UK1MwXoQPAw0BKSqWfoYCT/ThFrdEVWoI51dBuyCoiNU9bZDZxQ=="
    }
  }
}
